
Microsoft Visual Studio Solution File, Format Version 12.00
# Visual Studio Version 17
VisualStudioVersion = 17.0.32112.339
MinimumVisualStudioVersion = 10.0.40219.1
Project("{FAE04EC0-301F-11D3-BF4B-00C04F79EFBC}") = "AppCore", "AppCore\AppCore.csproj", "{A75263F5-03A0-47A9-919D-AB6310316AF0}"
EndProject
Global
	GlobalSection(SolutionConfigurationPlatforms) = preSolution
		Debug|Any CPU = Debug|Any CPU
		Release|Any CPU = Release|Any CPU
	EndGlobalSection
	GlobalSection(ProjectConfigurationPlatforms) = postSolution
		{A75263F5-03A0-47A9-919D-AB6310316AF0}.Debug|Any CPU.ActiveCfg = Debug|Any CPU
		{A75263F5-03A0-47A9-919D-AB6310316AF0}.Debug|Any CPU.Build.0 = Debug|Any CPU
		{A75263F5-03A0-47A9-919D-AB6310316AF0}.Release|Any CPU.ActiveCfg = Release|Any CPU
		{A75263F5-03A0-47A9-919D-AB6310316AF0}.Release|Any CPU.Build.0 = Release|Any CPU
	EndGlobalSection
	GlobalSection(SolutionProperties) = preSolution
		HideSolutionNode = FALSE
	EndGlobalSection
	GlobalSection(ExtensibilityGlobals) = postSolution
		SolutionGuid = {D1C07114-2C4B-4D83-B637-E18E180D9C8F}
	EndGlobalSection
EndGlobal
